
Microsoft Visual Studio Solution File, Format Version 12.00
# Visual Studio Version 16
VisualStudioVersion = 16.0.29519.181
MinimumVisualStudioVersion = 10.0.40219.1
Project("{FAE04EC0-301F-11D3-BF4B-00C04F79EFBC}") = "CSHARP_Example_ParallelismProcessing", "CSHARP_Example_ParallelismProcessing\CSHARP_Example_ParallelismProcessing.csproj", "{B5FADECC-D96C-4E85-B2AE-149F4B786E9B}"
EndProject
Global
	GlobalSection(SolutionConfigurationPlatforms) = preSolution
		Debug|Any CPU = Debug|Any CPU
		Release|Any CPU = Release|Any CPU
	EndGlobalSection
	GlobalSection(ProjectConfigurationPlatforms) = postSolution
		{B5FADECC-D96C-4E85-B2AE-149F4B786E9B}.Debug|Any CPU.ActiveCfg = Debug|Any CPU
		{B5FADECC-D96C-4E85-B2AE-149F4B786E9B}.Debug|Any CPU.Build.0 = Debug|Any CPU
		{B5FADECC-D96C-4E85-B2AE-149F4B786E9B}.Release|Any CPU.ActiveCfg = Release|Any CPU
		{B5FADECC-D96C-4E85-B2AE-149F4B786E9B}.Release|Any CPU.Build.0 = Release|Any CPU
	EndGlobalSection
	GlobalSection(SolutionProperties) = preSolution
		HideSolutionNode = FALSE
	EndGlobalSection
	GlobalSection(ExtensibilityGlobals) = postSolution
		SolutionGuid = {DA672BD9-1FF6-4CE5-BF37-13DCB8743160}
	EndGlobalSection
EndGlobal
